// !$*UTF8*$!
{
	archiveVersion = 1;
	classes = {
	};
	objectVersion = 56;
	objects = {

/* Begin PBXBuildFile section */
		012B481D29D5A5E700CC1EB9 /* AppDelegate.swift in Sources */ = {isa = PBXBuildFile; fileRef = 012B481C29D5A5E700CC1EB9 /* AppDelegate.swift */; };
		012B481F29D5A5E700CC1EB9 /* SceneDelegate.swift in Sources */ = {isa = PBXBuildFile; fileRef = 012B481E29D5A5E700CC1EB9 /* SceneDelegate.swift */; };
		012B482129D5A5E700CC1EB9 /* NewsDasboardVC.swift in Sources */ = {isa = PBXBuildFile; fileRef = 012B482029D5A5E700CC1EB9 /* NewsDasboardVC.swift */; };
		012B482429D5A5E700CC1EB9 /* Main.storyboard in Resources */ = {isa = PBXBuildFile; fileRef = 012B482229D5A5E700CC1EB9 /* Main.storyboard */; };
		012B482629D5A5E800CC1EB9 /* Assets.xcassets in Resources */ = {isa = PBXBuildFile; fileRef = 012B482529D5A5E800CC1EB9 /* Assets.xcassets */; };
		012B482929D5A5E800CC1EB9 /* LaunchScreen.storyboard in Resources */ = {isa = PBXBuildFile; fileRef = 012B482729D5A5E800CC1EB9 /* LaunchScreen.storyboard */; };
		016C069B29D6270E00464C28 /* .swiftlint.yml in Resources */ = {isa = PBXBuildFile; fileRef = 016C069A29D6270E00464C28 /* .swiftlint.yml */; };
		016C069D29D62A4F00464C28 /* NewsDetailsVC.swift in Sources */ = {isa = PBXBuildFile; fileRef = 016C069C29D62A4F00464C28 /* NewsDetailsVC.swift */; };
		016C06AB29D62EB600464C28 /* NewsCell.swift in Sources */ = {isa = PBXBuildFile; fileRef = 016C06A929D62EB600464C28 /* NewsCell.swift */; };
		016C06AC29D62EB600464C28 /* NewsCell.xib in Resources */ = {isa = PBXBuildFile; fileRef = 016C06AA29D62EB600464C28 /* NewsCell.xib */; };
		B3D37B2ABE67EE27A2162B0E /* Pods_NewspaperDemoApp.framework in Frameworks */ = {isa = PBXBuildFile; fileRef = 2F820692183A10AFA6338D79 /* Pods_NewspaperDemoApp.framework */; };
/* End PBXBuildFile section */

/* Begin PBXFileReference section */
		012B481929D5A5E700CC1EB9 /* NewspaperDemoApp.app */ = {isa = PBXFileReference; explicitFileType = wrapper.application; includeInIndex = 0; path = NewspaperDemoApp.app; sourceTree = BUILT_PRODUCTS_DIR; };
		012B481C29D5A5E700CC1EB9 /* AppDelegate.swift */ = {isa = PBXFileReference; lastKnownFileType = sourcecode.swift; path = AppDelegate.swift; sourceTree = "<group>"; };
		012B481E29D5A5E700CC1EB9 /* SceneDelegate.swift */ = {isa = PBXFileReference; lastKnownFileType = sourcecode.swift; path = SceneDelegate.swift; sourceTree = "<group>"; };
		012B482029D5A5E700CC1EB9 /* NewsDasboardVC.swift */ = {isa = PBXFileReference; lastKnownFileType = sourcecode.swift; path = NewsDasboardVC.swift; sourceTree = "<group>"; };
		012B482329D5A5E700CC1EB9 /* Base */ = {isa = PBXFileReference; lastKnownFileType = file.storyboard; name = Base; path = Base.lproj/Main.storyboard; sourceTree = "<group>"; };
		012B482529D5A5E800CC1EB9 /* Assets.xcassets */ = {isa = PBXFileReference; lastKnownFileType = folder.assetcatalog; path = Assets.xcassets; sourceTree = "<group>"; };
		012B482829D5A5E800CC1EB9 /* Base */ = {isa = PBXFileReference; lastKnownFileType = file.storyboard; name = Base; path = Base.lproj/LaunchScreen.storyboard; sourceTree = "<group>"; };
		012B482A29D5A5E800CC1EB9 /* Info.plist */ = {isa = PBXFileReference; lastKnownFileType = text.plist.xml; path = Info.plist; sourceTree = "<group>"; };
		016C069A29D6270E00464C28 /* .swiftlint.yml */ = {isa = PBXFileReference; lastKnownFileType = text.yaml; path = .swiftlint.yml; sourceTree = "<group>"; };
		016C069C29D62A4F00464C28 /* NewsDetailsVC.swift */ = {isa = PBXFileReference; lastKnownFileType = sourcecode.swift; path = NewsDetailsVC.swift; sourceTree = "<group>"; };
		016C06A929D62EB600464C28 /* NewsCell.swift */ = {isa = PBXFileReference; lastKnownFileType = sourcecode.swift; path = NewsCell.swift; sourceTree = "<group>"; };
		016C06AA29D62EB600464C28 /* NewsCell.xib */ = {isa = PBXFileReference; lastKnownFileType = file.xib; path = NewsCell.xib; sourceTree = "<group>"; };
		2F820692183A10AFA6338D79 /* Pods_NewspaperDemoApp.framework */ = {isa = PBXFileReference; explicitFileType = wrapper.framework; includeInIndex = 0; path = Pods_NewspaperDemoApp.framework; sourceTree = BUILT_PRODUCTS_DIR; };
		51F5F2736968EC22F9524313 /* Pods-NewspaperDemoApp.release.xcconfig */ = {isa = PBXFileReference; includeInIndex = 1; lastKnownFileType = text.xcconfig; name = "Pods-NewspaperDemoApp.release.xcconfig"; path = "Target Support Files/Pods-NewspaperDemoApp/Pods-NewspaperDemoApp.release.xcconfig"; sourceTree = "<group>"; };
		A53C0D3E9E43EC2701EB19BA /* Pods-NewspaperDemoApp.debug.xcconfig */ = {isa = PBXFileReference; includeInIndex = 1; lastKnownFileType = text.xcconfig; name = "Pods-NewspaperDemoApp.debug.xcconfig"; path = "Target Support Files/Pods-NewspaperDemoApp/Pods-NewspaperDemoApp.debug.xcconfig"; sourceTree = "<group>"; };
/* End PBXFileReference section */

/* Begin PBXFrameworksBuildPhase section */
		012B481629D5A5E700CC1EB9 /* Frameworks */ = {
			isa = PBXFrameworksBuildPhase;
			buildActionMask = 2147483647;
			files = (
				B3D37B2ABE67EE27A2162B0E /* Pods_NewspaperDemoApp.framework in Frameworks */,
			);
			runOnlyForDeploymentPostprocessing = 0;
		};
/* End PBXFrameworksBuildPhase section */

/* Begin PBXGroup section */
		012B481029D5A5E700CC1EB9 = {
			isa = PBXGroup;
			children = (
				012B481B29D5A5E700CC1EB9 /* NewspaperDemoApp */,
				012B481A29D5A5E700CC1EB9 /* Products */,
				1C3F629410CD0A45FBFFEB6F /* Pods */,
				B9EB149E455AB1FB72741573 /* Frameworks */,
			);
			sourceTree = "<group>";
		};
		012B481A29D5A5E700CC1EB9 /* Products */ = {
			isa = PBXGroup;
			children = (
				012B481929D5A5E700CC1EB9 /* NewspaperDemoApp.app */,
			);
			name = Products;
			sourceTree = "<group>";
		};
		012B481B29D5A5E700CC1EB9 /* NewspaperDemoApp */ = {
			isa = PBXGroup;
			children = (
				016C069A29D6270E00464C28 /* .swiftlint.yml */,
				016C069829D625D600464C28 /* Application */,
				016C069729D625BA00464C28 /* Assets */,
				016C069629D6256A00464C28 /* Models */,
				016C069F29D62DA400464C28 /* Views */,
				016C069E29D62D7100464C28 /* Storyboards */,
				012B482A29D5A5E800CC1EB9 /* Info.plist */,
			);
			path = NewspaperDemoApp;
			sourceTree = "<group>";
		};
		016C069629D6256A00464C28 /* Models */ = {
			isa = PBXGroup;
			children = (
			);
			path = Models;
			sourceTree = "<group>";
		};
		016C069729D625BA00464C28 /* Assets */ = {
			isa = PBXGroup;
			children = (
				012B482529D5A5E800CC1EB9 /* Assets.xcassets */,
			);
			path = Assets;
			sourceTree = "<group>";
		};
		016C069829D625D600464C28 /* Application */ = {
			isa = PBXGroup;
			children = (
				012B481C29D5A5E700CC1EB9 /* AppDelegate.swift */,
				012B481E29D5A5E700CC1EB9 /* SceneDelegate.swift */,
			);
			path = Application;
			sourceTree = "<group>";
		};
		016C069E29D62D7100464C28 /* Storyboards */ = {
			isa = PBXGroup;
			children = (
				012B482229D5A5E700CC1EB9 /* Main.storyboard */,
				012B482729D5A5E800CC1EB9 /* LaunchScreen.storyboard */,
			);
			path = Storyboards;
			sourceTree = "<group>";
		};
		016C069F29D62DA400464C28 /* Views */ = {
			isa = PBXGroup;
			children = (
				016C06A029D62DBF00464C28 /* NewsDashboardVC */,
				016C06A129D62DD600464C28 /* NewsDetailsVC */,
			);
			path = Views;
			sourceTree = "<group>";
		};
		016C06A029D62DBF00464C28 /* NewsDashboardVC */ = {
			isa = PBXGroup;
			children = (
				016C06A429D62E1800464C28 /* Nibs */,
				012B482029D5A5E700CC1EB9 /* NewsDasboardVC.swift */,
			);
			path = NewsDashboardVC;
			sourceTree = "<group>";
		};
		016C06A129D62DD600464C28 /* NewsDetailsVC */ = {
			isa = PBXGroup;
			children = (
				016C069C29D62A4F00464C28 /* NewsDetailsVC.swift */,
			);
			path = NewsDetailsVC;
			sourceTree = "<group>";
		};
		016C06A429D62E1800464C28 /* Nibs */ = {
			isa = PBXGroup;
			children = (
				016C06A929D62EB600464C28 /* NewsCell.swift */,
				016C06AA29D62EB600464C28 /* NewsCell.xib */,
			);
			path = Nibs;
			sourceTree = "<group>";
		};
		1C3F629410CD0A45FBFFEB6F /* Pods */ = {
			isa = PBXGroup;
			children = (
				A53C0D3E9E43EC2701EB19BA /* Pods-NewspaperDemoApp.debug.xcconfig */,
				51F5F2736968EC22F9524313 /* Pods-NewspaperDemoApp.release.xcconfig */,
			);
			path = Pods;
			sourceTree = "<group>";
		};
		B9EB149E455AB1FB72741573 /* Frameworks */ = {
			isa = PBXGroup;
			children = (
				2F820692183A10AFA6338D79 /* Pods_NewspaperDemoApp.framework */,
			);
			name = Frameworks;
			sourceTree = "<group>";
		};
/* End PBXGroup section */

/* Begin PBXNativeTarget section */
		012B481829D5A5E700CC1EB9 /* NewspaperDemoApp */ = {
			isa = PBXNativeTarget;
			buildConfigurationList = 012B482D29D5A5E800CC1EB9 /* Build configuration list for PBXNativeTarget "NewspaperDemoApp" */;
			buildPhases = (
				5C1DB93FFA067BFF87B44761 /* [CP] Check Pods Manifest.lock */,
				012B481529D5A5E700CC1EB9 /* Sources */,
				012B481629D5A5E700CC1EB9 /* Frameworks */,
				012B481729D5A5E700CC1EB9 /* Resources */,
				012B483029D5A9E200CC1EB9 /* ShellScript */,
				2035008E15461D1308850174 /* [CP] Embed Pods Frameworks */,
			);
			buildRules = (
			);
			dependencies = (
			);
			name = NewspaperDemoApp;
			productName = NewspaperDemoApp;
			productReference = 012B481929D5A5E700CC1EB9 /* NewspaperDemoApp.app */;
			productType = "com.apple.product-type.application";
		};
/* End PBXNativeTarget section */

/* Begin PBXProject section */
		012B481129D5A5E700CC1EB9 /* Project object */ = {
			isa = PBXProject;
			attributes = {
				BuildIndependentTargetsInParallel = 1;
				LastSwiftUpdateCheck = 1420;
				LastUpgradeCheck = 1420;
				TargetAttributes = {
					012B481829D5A5E700CC1EB9 = {
						CreatedOnToolsVersion = 14.2;
					};
				};
			};
			buildConfigurationList = 012B481429D5A5E700CC1EB9 /* Build configuration list for PBXProject "NewspaperDemoApp" */;
			compatibilityVersion = "Xcode 14.0";
			developmentRegion = en;
			hasScannedForEncodings = 0;
			knownRegions = (
				en,
				Base,
			);
			mainGroup = 012B481029D5A5E700CC1EB9;
			productRefGroup = 012B481A29D5A5E700CC1EB9 /* Products */;
			projectDirPath = "";
			projectRoot = "";
			targets = (
				012B481829D5A5E700CC1EB9 /* NewspaperDemoApp */,
			);
		};
/* End PBXProject section */

/* Begin PBXResourcesBuildPhase section */
		012B481729D5A5E700CC1EB9 /* Resources */ = {
			isa = PBXResourcesBuildPhase;
			buildActionMask = 2147483647;
			files = (
				016C069B29D6270E00464C28 /* .swiftlint.yml in Resources */,
				012B482929D5A5E800CC1EB9 /* LaunchScreen.storyboard in Resources */,
				016C06AC29D62EB600464C28 /* NewsCell.xib in Resources */,
				012B482629D5A5E800CC1EB9 /* Assets.xcassets in Resources */,
				012B482429D5A5E700CC1EB9 /* Main.storyboard in Resources */,
			);
			runOnlyForDeploymentPostprocessing = 0;
		};
/* End PBXResourcesBuildPhase section */

/* Begin PBXShellScriptBuildPhase section */
		012B483029D5A9E200CC1EB9 /* ShellScript */ = {
			isa = PBXShellScriptBuildPhase;
			alwaysOutOfDate = 1;
			buildActionMask = 2147483647;
			files = (
			);
			inputFileListPaths = (
			);
			inputPaths = (
			);
			outputFileListPaths = (
			);
			outputPaths = (
			);
			runOnlyForDeploymentPostprocessing = 0;
			shellPath = /bin/sh;
			shellScript = "\"${PODS_ROOT}/SwiftLint/swiftlint\"\n";
		};
		2035008E15461D1308850174 /* [CP] Embed Pods Frameworks */ = {
			isa = PBXShellScriptBuildPhase;
			buildActionMask = 2147483647;
			files = (
			);
			inputFileListPaths = (
				"${PODS_ROOT}/Target Support Files/Pods-NewspaperDemoApp/Pods-NewspaperDemoApp-frameworks-${CONFIGURATION}-input-files.xcfilelist",
			);
			name = "[CP] Embed Pods Frameworks";
			outputFileListPaths = (
				"${PODS_ROOT}/Target Support Files/Pods-NewspaperDemoApp/Pods-NewspaperDemoApp-frameworks-${CONFIGURATION}-output-files.xcfilelist",
			);
			runOnlyForDeploymentPostprocessing = 0;
			shellPath = /bin/sh;
			shellScript = "\"${PODS_ROOT}/Target Support Files/Pods-NewspaperDemoApp/Pods-NewspaperDemoApp-frameworks.sh\"\n";
			showEnvVarsInLog = 0;
		};
		5C1DB93FFA067BFF87B44761 /* [CP] Check Pods Manifest.lock */ = {
			isa = PBXShellScriptBuildPhase;
			buildActionMask = 2147483647;
			files = (
			);
			inputFileListPaths = (
			);
			inputPaths = (
				"${PODS_PODFILE_DIR_PATH}/Podfile.lock",
				"${PODS_ROOT}/Manifest.lock",
			);
			name = "[CP] Check Pods Manifest.lock";
			outputFileListPaths = (
			);
			outputPaths = (
				"$(DERIVED_FILE_DIR)/Pods-NewspaperDemoApp-checkManifestLockResult.txt",
			);
			runOnlyForDeploymentPostprocessing = 0;
			shellPath = /bin/sh;
			shellScript = "diff \"${PODS_PODFILE_DIR_PATH}/Podfile.lock\" \"${PODS_ROOT}/Manifest.lock\" > /dev/null\nif [ $? != 0 ] ; then\n    # print error to STDERR\n    echo \"error: The sandbox is not in sync with the Podfile.lock. Run 'pod install' or update your CocoaPods installation.\" >&2\n    exit 1\nfi\n# This output is used by Xcode 'outputs' to avoid re-running this script phase.\necho \"SUCCESS\" > \"${SCRIPT_OUTPUT_FILE_0}\"\n";
			showEnvVarsInLog = 0;
		};
/* End PBXShellScriptBuildPhase section */

/* Begin PBXSourcesBuildPhase section */
		012B481529D5A5E700CC1EB9 /* Sources */ = {
			isa = PBXSourcesBuildPhase;
			buildActionMask = 2147483647;
			files = (
				012B482129D5A5E700CC1EB9 /* NewsDasboardVC.swift in Sources */,
				012B481D29D5A5E700CC1EB9 /* AppDelegate.swift in Sources */,
				016C069D29D62A4F00464C28 /* NewsDetailsVC.swift in Sources */,
				012B481F29D5A5E700CC1EB9 /* SceneDelegate.swift in Sources */,
				016C06AB29D62EB600464C28 /* NewsCell.swift in Sources */,
			);
			runOnlyForDeploymentPostprocessing = 0;
		};
/* End PBXSourcesBuildPhase section */

/* Begin PBXVariantGroup section */
		012B482229D5A5E700CC1EB9 /* Main.storyboard */ = {
			isa = PBXVariantGroup;
			children = (
				012B482329D5A5E700CC1EB9 /* Base */,
			);
			name = Main.storyboard;
			sourceTree = "<group>";
		};
		012B482729D5A5E800CC1EB9 /* LaunchScreen.storyboard */ = {
			isa = PBXVariantGroup;
			children = (
				012B482829D5A5E800CC1EB9 /* Base */,
			);
			name = LaunchScreen.storyboard;
			sourceTree = "<group>";
		};
/* End PBXVariantGroup section */

/* Begin XCBuildConfiguration section */
		012B482B29D5A5E800CC1EB9 /* Debug */ = {
			isa = XCBuildConfiguration;
			buildSettings = {
				ALWAYS_SEARCH_USER_PATHS = NO;
				CLANG_ANALYZER_NONNULL = YES;
				CLANG_ANALYZER_NUMBER_OBJECT_CONVERSION = YES_AGGRESSIVE;
				CLANG_CXX_LANGUAGE_STANDARD = "gnu++20";
				CLANG_ENABLE_MODULES = YES;
				CLANG_ENABLE_OBJC_ARC = YES;
				CLANG_ENABLE_OBJC_WEAK = YES;
				CLANG_WARN_BLOCK_CAPTURE_AUTORELEASING = YES;
				CLANG_WARN_BOOL_CONVERSION = YES;
				CLANG_WARN_COMMA = YES;
				CLANG_WARN_CONSTANT_CONVERSION = YES;
				CLANG_WARN_DEPRECATED_OBJC_IMPLEMENTATIONS = YES;
				CLANG_WARN_DIRECT_OBJC_ISA_USAGE = YES_ERROR;
				CLANG_WARN_DOCUMENTATION_COMMENTS = YES;
				CLANG_WARN_EMPTY_BODY = YES;
				CLANG_WARN_ENUM_CONVERSION = YES;
				CLANG_WARN_INFINITE_RECURSION = YES;
				CLANG_WARN_INT_CONVERSION = YES;
				CLANG_WARN_NON_LITERAL_NULL_CONVERSION = YES;
				CLANG_WARN_OBJC_IMPLICIT_RETAIN_SELF = YES;
				CLANG_WARN_OBJC_LITERAL_CONVERSION = YES;
				CLANG_WARN_OBJC_ROOT_CLASS = YES_ERROR;
				CLANG_WARN_QUOTED_INCLUDE_IN_FRAMEWORK_HEADER = YES;
				CLANG_WARN_RANGE_LOOP_ANALYSIS = YES;
				CLANG_WARN_STRICT_PROTOTYPES = YES;
				CLANG_WARN_SUSPICIOUS_MOVE = YES;
				CLANG_WARN_UNGUARDED_AVAILABILITY = YES_AGGRESSIVE;
				CLANG_WARN_UNREACHABLE_CODE = YES;
				CLANG_WARN__DUPLICATE_METHOD_MATCH = YES;
				COPY_PHASE_STRIP = NO;
				DEBUG_INFORMATION_FORMAT = dwarf;
				ENABLE_STRICT_OBJC_MSGSEND = YES;
				ENABLE_TESTABILITY = YES;
				GCC_C_LANGUAGE_STANDARD = gnu11;
				GCC_DYNAMIC_NO_PIC = NO;
				GCC_NO_COMMON_BLOCKS = YES;
				GCC_OPTIMIZATION_LEVEL = 0;
				GCC_PREPROCESSOR_DEFINITIONS = (
					"DEBUG=1",
					"$(inherited)",
				);
				GCC_WARN_64_TO_32_BIT_CONVERSION = YES;
				GCC_WARN_ABOUT_RETURN_TYPE = YES_ERROR;
				GCC_WARN_UNDECLARED_SELECTOR = YES;
				GCC_WARN_UNINITIALIZED_AUTOS = YES_AGGRESSIVE;
				GCC_WARN_UNUSED_FUNCTION = YES;
				GCC_WARN_UNUSED_VARIABLE = YES;
				IPHONEOS_DEPLOYMENT_TARGET = 16.2;
				MTL_ENABLE_DEBUG_INFO = INCLUDE_SOURCE;
				MTL_FAST_MATH = YES;
				ONLY_ACTIVE_ARCH = YES;
				SDKROOT = iphoneos;
				SWIFT_ACTIVE_COMPILATION_CONDITIONS = DEBUG;
				SWIFT_OPTIMIZATION_LEVEL = "-Onone";
			};
			name = Debug;
		};
		012B482C29D5A5E800CC1EB9 /* Release */ = {
			isa = XCBuildConfiguration;
			buildSettings = {
				ALWAYS_SEARCH_USER_PATHS = NO;
				CLANG_ANALYZER_NONNULL = YES;
				CLANG_ANALYZER_NUMBER_OBJECT_CONVERSION = YES_AGGRESSIVE;
				CLANG_CXX_LANGUAGE_STANDARD = "gnu++20";
				CLANG_ENABLE_MODULES = YES;
				CLANG_ENABLE_OBJC_ARC = YES;
				CLANG_ENABLE_OBJC_WEAK = YES;
				CLANG_WARN_BLOCK_CAPTURE_AUTORELEASING = YES;
				CLANG_WARN_BOOL_CONVERSION = YES;
				CLANG_WARN_COMMA = YES;
				CLANG_WARN_CONSTANT_CONVERSION = YES;
				CLANG_WARN_DEPRECATED_OBJC_IMPLEMENTATIONS = YES;
				CLANG_WARN_DIRECT_OBJC_ISA_USAGE = YES_ERROR;
				CLANG_WARN_DOCUMENTATION_COMMENTS = YES;
				CLANG_WARN_EMPTY_BODY = YES;
				CLANG_WARN_ENUM_CONVERSION = YES;
				CLANG_WARN_INFINITE_RECURSION = YES;
				CLANG_WARN_INT_CONVERSION = YES;
				CLANG_WARN_NON_LITERAL_NULL_CONVERSION = YES;
				CLANG_WARN_OBJC_IMPLICIT_RETAIN_SELF = YES;
				CLANG_WARN_OBJC_LITERAL_CONVERSION = YES;
				CLANG_WARN_OBJC_ROOT_CLASS = YES_ERROR;
				CLANG_WARN_QUOTED_INCLUDE_IN_FRAMEWORK_HEADER = YES;
				CLANG_WARN_RANGE_LOOP_ANALYSIS = YES;
				CLANG_WARN_STRICT_PROTOTYPES = YES;
				CLANG_WARN_SUSPICIOUS_MOVE = YES;
				CLANG_WARN_UNGUARDED_AVAILABILITY = YES_AGGRESSIVE;
				CLANG_WARN_UNREACHABLE_CODE = YES;
				CLANG_WARN__DUPLICATE_METHOD_MATCH = YES;
				COPY_PHASE_STRIP = NO;
				DEBUG_INFORMATION_FORMAT = "dwarf-with-dsym";
				ENABLE_NS_ASSERTIONS = NO;
				ENABLE_STRICT_OBJC_MSGSEND = YES;
				GCC_C_LANGUAGE_STANDARD = gnu11;
				GCC_NO_COMMON_BLOCKS = YES;
				GCC_WARN_64_TO_32_BIT_CONVERSION = YES;
				GCC_WARN_ABOUT_RETURN_TYPE = YES_ERROR;
				GCC_WARN_UNDECLARED_SELECTOR = YES;
				GCC_WARN_UNINITIALIZED_AUTOS = YES_AGGRESSIVE;
				GCC_WARN_UNUSED_FUNCTION = YES;
				GCC_WARN_UNUSED_VARIABLE = YES;
				IPHONEOS_DEPLOYMENT_TARGET = 16.2;
				MTL_ENABLE_DEBUG_INFO = NO;
				MTL_FAST_MATH = YES;
				SDKROOT = iphoneos;
				SWIFT_COMPILATION_MODE = wholemodule;
				SWIFT_OPTIMIZATION_LEVEL = "-O";
				VALIDATE_PRODUCT = YES;
			};
			name = Release;
		};
		012B482E29D5A5E800CC1EB9 /* Debug */ = {
			isa = XCBuildConfiguration;
			baseConfigurationReference = A53C0D3E9E43EC2701EB19BA /* Pods-NewspaperDemoApp.debug.xcconfig */;
			buildSettings = {
				ASSETCATALOG_COMPILER_APPICON_NAME = AppIcon;
				ASSETCATALOG_COMPILER_GLOBAL_ACCENT_COLOR_NAME = AccentColor;
				CODE_SIGN_STYLE = Automatic;
				CURRENT_PROJECT_VERSION = 1;
				DEVELOPMENT_TEAM = 89W83TGC75;
				GENERATE_INFOPLIST_FILE = YES;
				INFOPLIST_FILE = NewspaperDemoApp/Info.plist;
				INFOPLIST_KEY_UIApplicationSupportsIndirectInputEvents = YES;
				INFOPLIST_KEY_UILaunchStoryboardName = LaunchScreen;
				INFOPLIST_KEY_UIMainStoryboardFile = Main;
				INFOPLIST_KEY_UISupportedInterfaceOrientations = UIInterfaceOrientationPortrait;
				LD_RUNPATH_SEARCH_PATHS = (
					"$(inherited)",
					"@executable_path/Frameworks",
				);
				MARKETING_VERSION = 1.0;
				PRODUCT_BUNDLE_IDENTIFIER = com.hassan.NewspaperDemoApp;
				PRODUCT_NAME = "$(TARGET_NAME)";
				SWIFT_EMIT_LOC_STRINGS = YES;
				SWIFT_VERSION = 5.0;
				TARGETED_DEVICE_FAMILY = "1,2";
			};
			name = Debug;
		};
		012B482F29D5A5E800CC1EB9 /* Release */ = {
			isa = XCBuildConfiguration;
			baseConfigurationReference = 51F5F2736968EC22F9524313 /* Pods-NewspaperDemoApp.release.xcconfig */;
			buildSettings = {
				ASSETCATALOG_COMPILER_APPICON_NAME = AppIcon;
				ASSETCATALOG_COMPILER_GLOBAL_ACCENT_COLOR_NAME = AccentColor;
				CODE_SIGN_STYLE = Automatic;
				CURRENT_PROJECT_VERSION = 1;
				DEVELOPMENT_TEAM = 89W83TGC75;
				GENERATE_INFOPLIST_FILE = YES;
				INFOPLIST_FILE = NewspaperDemoApp/Info.plist;
				INFOPLIST_KEY_UIApplicationSupportsIndirectInputEvents = YES;
				INFOPLIST_KEY_UILaunchStoryboardName = LaunchScreen;
				INFOPLIST_KEY_UIMainStoryboardFile = Main;
				INFOPLIST_KEY_UISupportedInterfaceOrientations = UIInterfaceOrientationPortrait;
				LD_RUNPATH_SEARCH_PATHS = (
					"$(inherited)",
					"@executable_path/Frameworks",
				);
				MARKETING_VERSION = 1.0;
				PRODUCT_BUNDLE_IDENTIFIER = com.hassan.NewspaperDemoApp;
				PRODUCT_NAME = "$(TARGET_NAME)";
				SWIFT_EMIT_LOC_STRINGS = YES;
				SWIFT_VERSION = 5.0;
				TARGETED_DEVICE_FAMILY = "1,2";
			};
			name = Release;
		};
/* End XCBuildConfiguration section */

/* Begin XCConfigurationList section */
		012B481429D5A5E700CC1EB9 /* Build configuration list for PBXProject "NewspaperDemoApp" */ = {
			isa = XCConfigurationList;
			buildConfigurations = (
				012B482B29D5A5E800CC1EB9 /* Debug */,
				012B482C29D5A5E800CC1EB9 /* Release */,
			);
			defaultConfigurationIsVisible = 0;
			defaultConfigurationName = Release;
		};
		012B482D29D5A5E800CC1EB9 /* Build configuration list for PBXNativeTarget "NewspaperDemoApp" */ = {
			isa = XCConfigurationList;
			buildConfigurations = (
				012B482E29D5A5E800CC1EB9 /* Debug */,
				012B482F29D5A5E800CC1EB9 /* Release */,
			);
			defaultConfigurationIsVisible = 0;
			defaultConfigurationName = Release;
		};
/* End XCConfigurationList section */
	};
	rootObject = 012B481129D5A5E700CC1EB9 /* Project object */;
}
